{
    __meta__ = {
        version = "1.0"
    },
    ["windows|x64"] = {
        ["cmake#f56260b5"] = {
            repo = {
                branch = "master",
                commit = "35d52ca02f167504399a2e8c3219a97711e9e214",
                url = "https://gitlab.com/tboox/xmake-repo.git"
            },
            version = "4.3.4"
        },
        ["directxmath 2024.02#f56260b5"] = {
            repo = {
                branch = "master",
                commit = "35d52ca02f167504399a2e8c3219a97711e9e214",
                url = "https://gitlab.com/tboox/xmake-repo.git"
            },
            version = "2024.02"
        },
        ["directxtk 24.2.0#f56260b5"] = {
            repo = {
                branch = "master",
                commit = "35d52ca02f167504399a2e8c3219a97711e9e214",
                url = "https://gitlab.com/tboox/xmake-repo.git"
            },
            version = "24.2.0"
        },
        ["fmt#f56260b5"] = {
            repo = {
                branch = "master",
                commit = "35d52ca02f167504399a2e8c3219a97711e9e214",
                url = "https://gitlab.com/tboox/xmake-repo.git"
            },
            version = "12.2.0"
        },
        ["magic_enum#f56260b5"] = {
            repo = {
                branch = "master",
                commit = "35d52ca02f167504399a2e8c3219a97711e9e214",
                url = "https://gitlab.com/tboox/xmake-repo.git"
            },
            version = "v0.9.8"
        },
        ["ninja#f56260b5"] = {
            repo = {
                branch = "master",
                commit = "35d52ca02f167504399a2e8c3219a97711e9e214",
                url = "https://gitlab.com/tboox/xmake-repo.git"
            },
            version = "v1.13.2"
        },
        ["nlohmann_json#f56260b5"] = {
            repo = {
                branch = "master",
                commit = "35d52ca02f167504399a2e8c3219a97711e9e214",
                url = "https://gitlab.com/tboox/xmake-repo.git"
            },
            version = "v3.12.0"
        },
        ["rapidcsv v8.92#f56260b5"] = {
            repo = {
                branch = "master",
                commit = "35d52ca02f167504399a2e8c3219a97711e9e214",
                url = "https://gitlab.com/tboox/xmake-repo.git"
            },
            version = "v8.92"
        },
        ["spdlog v1.16.0#09c8c173"] = {
            repo = {
                branch = "master",
                commit = "35d52ca02f167504399a2e8c3219a97711e9e214",
                url = "https://gitlab.com/tboox/xmake-repo.git"
            },
            version = "v1.16.0"
        },
        ["xbyak v7.06#f56260b5"] = {
            repo = {
                branch = "master",
                commit = "35d52ca02f167504399a2e8c3219a97711e9e214",
                url = "https://gitlab.com/tboox/xmake-repo.git"
            },
            version = "v7.06"
        }
    }
}